
Microsoft Visual Studio Solution File, Format Version 12.00
# Visual Studio Version 17
VisualStudioVersion = 17.5.33627.172
MinimumVisualStudioVersion = 10.0.40219.1
Project("{FAE04EC0-301F-11D3-BF4B-00C04F79EFBC}") = "WebApplication1", "WebApplication1\WebApplication1.csproj", "{4FB077AB-ABD8-4E27-B19C-71DF696E48F9}"
EndProject
Project("{FAE04EC0-301F-11D3-BF4B-00C04F79EFBC}") = "EncoderTests", "EncoderTest\EncoderTests.csproj", "{FC1419C4-63F1-4FA3-8EB6-B05CA6EFF112}"
EndProject
Global
	GlobalSection(SolutionConfigurationPlatforms) = preSolution
		Debug|Any CPU = Debug|Any CPU
		Release|Any CPU = Release|Any CPU
	EndGlobalSection
	GlobalSection(ProjectConfigurationPlatforms) = postSolution
		{4FB077AB-ABD8-4E27-B19C-71DF696E48F9}.Debug|Any CPU.ActiveCfg = Debug|Any CPU
		{4FB077AB-ABD8-4E27-B19C-71DF696E48F9}.Debug|Any CPU.Build.0 = Debug|Any CPU
		{4FB077AB-ABD8-4E27-B19C-71DF696E48F9}.Release|Any CPU.ActiveCfg = Release|Any CPU
		{4FB077AB-ABD8-4E27-B19C-71DF696E48F9}.Release|Any CPU.Build.0 = Release|Any CPU
		{FC1419C4-63F1-4FA3-8EB6-B05CA6EFF112}.Debug|Any CPU.ActiveCfg = Debug|Any CPU
		{FC1419C4-63F1-4FA3-8EB6-B05CA6EFF112}.Debug|Any CPU.Build.0 = Debug|Any CPU
		{FC1419C4-63F1-4FA3-8EB6-B05CA6EFF112}.Release|Any CPU.ActiveCfg = Release|Any CPU
		{FC1419C4-63F1-4FA3-8EB6-B05CA6EFF112}.Release|Any CPU.Build.0 = Release|Any CPU
	EndGlobalSection
	GlobalSection(SolutionProperties) = preSolution
		HideSolutionNode = FALSE
	EndGlobalSection
	GlobalSection(ExtensibilityGlobals) = postSolution
		SolutionGuid = {4E4D7CA4-AF36-4FA0-8EAA-1C51FF432993}
	EndGlobalSection
EndGlobal
